
Microsoft Visual Studio Solution File, Format Version 12.00
# Visual Studio Version 17
VisualStudioVersion = 17.3.32901.215
MinimumVisualStudioVersion = 10.0.40219.1
Project("{FAE04EC0-301F-11D3-BF4B-00C04F79EFBC}") = "BanVeMayBay", "BanVeMayBay\BanVeMayBay.csproj", "{469C5113-51A2-4251-A6E2-6C90DBF4B57C}"
EndProject
Project("{FAE04EC0-301F-11D3-BF4B-00C04F79EFBC}") = "DTO", "DTO\DTO.csproj", "{551801CF-51B7-43B4-ADD1-068E08C7F637}"
EndProject
Project("{FAE04EC0-301F-11D3-BF4B-00C04F79EFBC}") = "DAO", "DAO\DAO.csproj", "{A0C96F40-68E5-47D6-8C02-A2867529AB92}"
EndProject
Project("{FAE04EC0-301F-11D3-BF4B-00C04F79EFBC}") = "BUS", "BUS\BUS.csproj", "{78476828-8D0E-4322-ADE3-A25888C869DB}"
EndProject
Global
	GlobalSection(SolutionConfigurationPlatforms) = preSolution
		Debug|Any CPU = Debug|Any CPU
		Release|Any CPU = Release|Any CPU
	EndGlobalSection
	GlobalSection(ProjectConfigurationPlatforms) = postSolution
		{469C5113-51A2-4251-A6E2-6C90DBF4B57C}.Debug|Any CPU.ActiveCfg = Debug|Any CPU
		{469C5113-51A2-4251-A6E2-6C90DBF4B57C}.Debug|Any CPU.Build.0 = Debug|Any CPU
		{469C5113-51A2-4251-A6E2-6C90DBF4B57C}.Release|Any CPU.ActiveCfg = Release|Any CPU
		{469C5113-51A2-4251-A6E2-6C90DBF4B57C}.Release|Any CPU.Build.0 = Release|Any CPU
		{551801CF-51B7-43B4-ADD1-068E08C7F637}.Debug|Any CPU.ActiveCfg = Debug|Any CPU
		{551801CF-51B7-43B4-ADD1-068E08C7F637}.Debug|Any CPU.Build.0 = Debug|Any CPU
		{551801CF-51B7-43B4-ADD1-068E08C7F637}.Release|Any CPU.ActiveCfg = Release|Any CPU
		{551801CF-51B7-43B4-ADD1-068E08C7F637}.Release|Any CPU.Build.0 = Release|Any CPU
		{A0C96F40-68E5-47D6-8C02-A2867529AB92}.Debug|Any CPU.ActiveCfg = Debug|Any CPU
		{A0C96F40-68E5-47D6-8C02-A2867529AB92}.Debug|Any CPU.Build.0 = Debug|Any CPU
		{A0C96F40-68E5-47D6-8C02-A2867529AB92}.Release|Any CPU.ActiveCfg = Release|Any CPU
		{A0C96F40-68E5-47D6-8C02-A2867529AB92}.Release|Any CPU.Build.0 = Release|Any CPU
		{78476828-8D0E-4322-ADE3-A25888C869DB}.Debug|Any CPU.ActiveCfg = Debug|Any CPU
		{78476828-8D0E-4322-ADE3-A25888C869DB}.Debug|Any CPU.Build.0 = Debug|Any CPU
		{78476828-8D0E-4322-ADE3-A25888C869DB}.Release|Any CPU.ActiveCfg = Release|Any CPU
		{78476828-8D0E-4322-ADE3-A25888C869DB}.Release|Any CPU.Build.0 = Release|Any CPU
	EndGlobalSection
	GlobalSection(SolutionProperties) = preSolution
		HideSolutionNode = FALSE
	EndGlobalSection
	GlobalSection(ExtensibilityGlobals) = postSolution
		SolutionGuid = {DDF2F722-546D-4C22-AD86-61B8A4FE48E0}
	EndGlobalSection
EndGlobal
